
Microsoft Visual Studio Solution File, Format Version 12.00
# Visual Studio Version 16
VisualStudioVersion = 16.0.31727.386
MinimumVisualStudioVersion = 10.0.40219.1
Project("{FAE04EC0-301F-11D3-BF4B-00C04F79EFBC}") = "test1", "test1\test1.csproj", "{30241A95-7CE9-4C13-9E67-0111B8E40660}"
EndProject
Global
	GlobalSection(SolutionConfigurationPlatforms) = preSolution
		Debug|Any CPU = Debug|Any CPU
		Release|Any CPU = Release|Any CPU
	EndGlobalSection
	GlobalSection(ProjectConfigurationPlatforms) = postSolution
		{30241A95-7CE9-4C13-9E67-0111B8E40660}.Debug|Any CPU.ActiveCfg = Debug|Any CPU
		{30241A95-7CE9-4C13-9E67-0111B8E40660}.Debug|Any CPU.Build.0 = Debug|Any CPU
		{30241A95-7CE9-4C13-9E67-0111B8E40660}.Release|Any CPU.ActiveCfg = Release|Any CPU
		{30241A95-7CE9-4C13-9E67-0111B8E40660}.Release|Any CPU.Build.0 = Release|Any CPU
	EndGlobalSection
	GlobalSection(SolutionProperties) = preSolution
		HideSolutionNode = FALSE
	EndGlobalSection
	GlobalSection(ExtensibilityGlobals) = postSolution
		SolutionGuid = {077C669B-290C-49BE-B2DC-2891F97F1E19}
	EndGlobalSection
EndGlobal
