
Microsoft Visual Studio Solution File, Format Version 12.00
# Visual Studio Version 16
VisualStudioVersion = 16.0.31727.386
MinimumVisualStudioVersion = 10.0.40219.1
Project("{FAE04EC0-301F-11D3-BF4B-00C04F79EFBC}") = "Propjeni", "Propjeni\Propjeni.csproj", "{EC9D6537-A801-4518-96E1-338F3C3C07E5}"
EndProject
Global
	GlobalSection(SolutionConfigurationPlatforms) = preSolution
		Debug|Any CPU = Debug|Any CPU
		Release|Any CPU = Release|Any CPU
	EndGlobalSection
	GlobalSection(ProjectConfigurationPlatforms) = postSolution
		{EC9D6537-A801-4518-96E1-338F3C3C07E5}.Debug|Any CPU.ActiveCfg = Debug|Any CPU
		{EC9D6537-A801-4518-96E1-338F3C3C07E5}.Debug|Any CPU.Build.0 = Debug|Any CPU
		{EC9D6537-A801-4518-96E1-338F3C3C07E5}.Release|Any CPU.ActiveCfg = Release|Any CPU
		{EC9D6537-A801-4518-96E1-338F3C3C07E5}.Release|Any CPU.Build.0 = Release|Any CPU
	EndGlobalSection
	GlobalSection(SolutionProperties) = preSolution
		HideSolutionNode = FALSE
	EndGlobalSection
	GlobalSection(ExtensibilityGlobals) = postSolution
		SolutionGuid = {1F052052-DABE-4EC1-A870-AC7099747203}
	EndGlobalSection
EndGlobal
